
Microsoft Visual Studio Solution File, Format Version 10.00
# Visual Studio 2008
Project("{8BC9CEB8-8B4A-11D0-8D11-00A0C91BC942}") = "T16DSORT", "T16DSORT.vcproj", "{877305CE-F294-4D90-90CF-D71A37E5B0F8}"
EndProject
Global
	GlobalSection(SolutionConfigurationPlatforms) = preSolution
		Debug|Win32 = Debug|Win32
		Release|Win32 = Release|Win32
	EndGlobalSection
	GlobalSection(ProjectConfigurationPlatforms) = postSolution
		{877305CE-F294-4D90-90CF-D71A37E5B0F8}.Debug|Win32.ActiveCfg = Debug|Win32
		{877305CE-F294-4D90-90CF-D71A37E5B0F8}.Debug|Win32.Build.0 = Debug|Win32
		{877305CE-F294-4D90-90CF-D71A37E5B0F8}.Release|Win32.ActiveCfg = Release|Win32
		{877305CE-F294-4D90-90CF-D71A37E5B0F8}.Release|Win32.Build.0 = Release|Win32
	EndGlobalSection
	GlobalSection(SolutionProperties) = preSolution
		HideSolutionNode = FALSE
	EndGlobalSection
EndGlobal
