
Microsoft Visual Studio Solution File, Format Version 10.00
# Visual Studio 2008
Project("{8BC9CEB8-8B4A-11D0-8D11-00A0C91BC942}") = "T26LIST", "T26LIST.vcproj", "{D6116598-9BA2-4C7A-9440-8EA1AB264D88}"
EndProject
Global
	GlobalSection(SolutionConfigurationPlatforms) = preSolution
		Debug|Win32 = Debug|Win32
		Release|Win32 = Release|Win32
	EndGlobalSection
	GlobalSection(ProjectConfigurationPlatforms) = postSolution
		{D6116598-9BA2-4C7A-9440-8EA1AB264D88}.Debug|Win32.ActiveCfg = Debug|Win32
		{D6116598-9BA2-4C7A-9440-8EA1AB264D88}.Debug|Win32.Build.0 = Debug|Win32
		{D6116598-9BA2-4C7A-9440-8EA1AB264D88}.Release|Win32.ActiveCfg = Release|Win32
		{D6116598-9BA2-4C7A-9440-8EA1AB264D88}.Release|Win32.Build.0 = Release|Win32
	EndGlobalSection
	GlobalSection(SolutionProperties) = preSolution
		HideSolutionNode = FALSE
	EndGlobalSection
EndGlobal
